// !$*UTF8*$!
{
	archiveVersion = 1;
	classes = {
	};
	objectVersion = 46;
	objects = {

/* Begin PBXBuildFile section */
		1A4A799A1A8D08C100C3BDCD /* AppDelegate.swift in Sources */ = {isa = PBXBuildFile; fileRef = 1A4A79991A8D08C100C3BDCD /* AppDelegate.swift */; };
		1A4A799C1A8D08C100C3BDCD /* ViewController.swift in Sources */ = {isa = PBXBuildFile; fileRef = 1A4A799B1A8D08C100C3BDCD /* ViewController.swift */; };
		1A4A799F1A8D08C100C3BDCD /* Main.storyboard in Resources */ = {isa = PBXBuildFile; fileRef = 1A4A799D1A8D08C100C3BDCD /* Main.storyboard */; };
		1A4A79A11A8D08C100C3BDCD /* Images.xcassets in Resources */ = {isa = PBXBuildFile; fileRef = 1A4A79A01A8D08C100C3BDCD /* Images.xcassets */; };
		1A4A79A41A8D08C100C3BDCD /* LaunchScreen.xib in Resources */ = {isa = PBXBuildFile; fileRef = 1A4A79A21A8D08C100C3BDCD /* LaunchScreen.xib */; };
		1A4A79B01A8D08C100C3BDCD /* GitAppTests.swift in Sources */ = {isa = PBXBuildFile; fileRef = 1A4A79AF1A8D08C100C3BDCD /* GitAppTests.swift */; };
/* End PBXBuildFile section */

/* Begin PBXContainerItemProxy section */
		1A4A79AA1A8D08C100C3BDCD /* PBXContainerItemProxy */ = {
			isa = PBXContainerItemProxy;
			containerPortal = 1A4A798C1A8D08C100C3BDCD /* Project object */;
			proxyType = 1;
			remoteGlobalIDString = 1A4A79931A8D08C100C3BDCD;
			remoteInfo = GitApp;
		};
/* End PBXContainerItemProxy section */

/* Begin PBXFileReference section */
		1A4A79941A8D08C100C3BDCD /* GitApp.app */ = {isa = PBXFileReference; explicitFileType = wrapper.application; includeInIndex = 0; path = GitApp.app; sourceTree = BUILT_PRODUCTS_DIR; };
		1A4A79981A8D08C100C3BDCD /* Info.plist */ = {isa = PBXFileReference; lastKnownFileType = text.plist.xml; path = Info.plist; sourceTree = "<group>"; };
		1A4A79991A8D08C100C3BDCD /* AppDelegate.swift */ = {isa = PBXFileReference; lastKnownFileType = sourcecode.swift; path = AppDelegate.swift; sourceTree = "<group>"; };
		1A4A799B1A8D08C100C3BDCD /* ViewController.swift */ = {isa = PBXFileReference; lastKnownFileType = sourcecode.swift; path = ViewController.swift; sourceTree = "<group>"; };
		1A4A799E1A8D08C100C3BDCD /* Base */ = {isa = PBXFileReference; lastKnownFileType = file.storyboard; name = Base; path = Base.lproj/Main.storyboard; sourceTree = "<group>"; };
		1A4A79A01A8D08C100C3BDCD /* Images.xcassets */ = {isa = PBXFileReference; lastKnownFileType = folder.assetcatalog; path = Images.xcassets; sourceTree = "<group>"; };
		1A4A79A31A8D08C100C3BDCD /* Base */ = {isa = PBXFileReference; lastKnownFileType = file.xib; name = Base; path = Base.lproj/LaunchScreen.xib; sourceTree = "<group>"; };
		1A4A79A91A8D08C100C3BDCD /* GitAppTests.xctest */ = {isa = PBXFileReference; explicitFileType = wrapper.cfbundle; includeInIndex = 0; path = GitAppTests.xctest; sourceTree = BUILT_PRODUCTS_DIR; };
		1A4A79AE1A8D08C100C3BDCD /* Info.plist */ = {isa = PBXFileReference; lastKnownFileType = text.plist.xml; path = Info.plist; sourceTree = "<group>"; };
		1A4A79AF1A8D08C100C3BDCD /* GitAppTests.swift */ = {isa = PBXFileReference; lastKnownFileType = sourcecode.swift; path = GitAppTests.swift; sourceTree = "<group>"; };
/* End PBXFileReference section */

/* Begin PBXFrameworksBuildPhase section */
		1A4A79911A8D08C100C3BDCD /* Frameworks */ = {
			isa = PBXFrameworksBuildPhase;
			buildActionMask = 2147483647;
			files = (
			);
			runOnlyForDeploymentPostprocessing = 0;
		};
		1A4A79A61A8D08C100C3BDCD /* Frameworks */ = {
			isa = PBXFrameworksBuildPhase;
			buildActionMask = 2147483647;
			files = (
			);
			runOnlyForDeploymentPostprocessing = 0;
		};
/* End PBXFrameworksBuildPhase section */

/* Begin PBXGroup section */
		1A4A798B1A8D08C100C3BDCD = {
			isa = PBXGroup;
			children = (
				1A4A79961A8D08C100C3BDCD /* GitApp */,
				1A4A79AC1A8D08C100C3BDCD /* GitAppTests */,
				1A4A79951A8D08C100C3BDCD /* Products */,
			);
			sourceTree = "<group>";
		};
		1A4A79951A8D08C100C3BDCD /* Products */ = {
			isa = PBXGroup;
			children = (
				1A4A79941A8D08C100C3BDCD /* GitApp.app */,
				1A4A79A91A8D08C100C3BDCD /* GitAppTests.xctest */,
			);
			name = Products;
			sourceTree = "<group>";
		};
		1A4A79961A8D08C100C3BDCD /* GitApp */ = {
			isa = PBXGroup;
			children = (
				1A4A79991A8D08C100C3BDCD /* AppDelegate.swift */,
				1A4A799B1A8D08C100C3BDCD /* ViewController.swift */,
				1A4A799D1A8D08C100C3BDCD /* Main.storyboard */,
				1A4A79A01A8D08C100C3BDCD /* Images.xcassets */,
				1A4A79A21A8D08C100C3BDCD /* LaunchScreen.xib */,
				1A4A79971A8D08C100C3BDCD /* Supporting Files */,
			);
			path = GitApp;
			sourceTree = "<group>";
		};
		1A4A79971A8D08C100C3BDCD /* Supporting Files */ = {
			isa = PBXGroup;
			children = (
				1A4A79981A8D08C100C3BDCD /* Info.plist */,
			);
			name = "Supporting Files";
			sourceTree = "<group>";
		};
		1A4A79AC1A8D08C100C3BDCD /* GitAppTests */ = {
			isa = PBXGroup;
			children = (
				1A4A79AF1A8D08C100C3BDCD /* GitAppTests.swift */,
				1A4A79AD1A8D08C100C3BDCD /* Supporting Files */,
			);
			path = GitAppTests;
			sourceTree = "<group>";
		};
		1A4A79AD1A8D08C100C3BDCD /* Supporting Files */ = {
			isa = PBXGroup;
			children = (
				1A4A79AE1A8D08C100C3BDCD /* Info.plist */,
			);
			name = "Supporting Files";
			sourceTree = "<group>";
		};
/* End PBXGroup section */

/* Begin PBXNativeTarget section */
		1A4A79931A8D08C100C3BDCD /* GitApp */ = {
			isa = PBXNativeTarget;
			buildConfigurationList = 1A4A79B31A8D08C100C3BDCD /* Build configuration list for PBXNativeTarget "GitApp" */;
			buildPhases = (
				1A4A79901A8D08C100C3BDCD /* Sources */,
				1A4A79911A8D08C100C3BDCD /* Frameworks */,
				1A4A79921A8D08C100C3BDCD /* Resources */,
			);
			buildRules = (
			);
			dependencies = (
			);
			name = GitApp;
			productName = GitApp;
			productReference = 1A4A79941A8D08C100C3BDCD /* GitApp.app */;
			productType = "com.apple.product-type.application";
		};
		1A4A79A81A8D08C100C3BDCD /* GitAppTests */ = {
			isa = PBXNativeTarget;
			buildConfigurationList = 1A4A79B61A8D08C100C3BDCD /* Build configuration list for PBXNativeTarget "GitAppTests" */;
			buildPhases = (
				1A4A79A51A8D08C100C3BDCD /* Sources */,
				1A4A79A61A8D08C100C3BDCD /* Frameworks */,
				1A4A79A71A8D08C100C3BDCD /* Resources */,
			);
			buildRules = (
			);
			dependencies = (
				1A4A79AB1A8D08C100C3BDCD /* PBXTargetDependency */,
			);
			name = GitAppTests;
			productName = GitAppTests;
			productReference = 1A4A79A91A8D08C100C3BDCD /* GitAppTests.xctest */;
			productType = "com.apple.product-type.bundle.unit-test";
		};
/* End PBXNativeTarget section */

/* Begin PBXProject section */
		1A4A798C1A8D08C100C3BDCD /* Project object */ = {
			isa = PBXProject;
			attributes = {
				LastUpgradeCheck = 0610;
				ORGANIZATIONNAME = "Andrew McDonald";
				TargetAttributes = {
					1A4A79931A8D08C100C3BDCD = {
						CreatedOnToolsVersion = 6.1.1;
					};
					1A4A79A81A8D08C100C3BDCD = {
						CreatedOnToolsVersion = 6.1.1;
						TestTargetID = 1A4A79931A8D08C100C3BDCD;
					};
				};
			};
			buildConfigurationList = 1A4A798F1A8D08C100C3BDCD /* Build configuration list for PBXProject "GitApp" */;
			compatibilityVersion = "Xcode 3.2";
			developmentRegion = English;
			hasScannedForEncodings = 0;
			knownRegions = (
				en,
				Base,
			);
			mainGroup = 1A4A798B1A8D08C100C3BDCD;
			productRefGroup = 1A4A79951A8D08C100C3BDCD /* Products */;
			projectDirPath = "";
			projectRoot = "";
			targets = (
				1A4A79931A8D08C100C3BDCD /* GitApp */,
				1A4A79A81A8D08C100C3BDCD /* GitAppTests */,
			);
		};
/* End PBXProject section */

/* Begin PBXResourcesBuildPhase section */
		1A4A79921A8D08C100C3BDCD /* Resources */ = {
			isa = PBXResourcesBuildPhase;
			buildActionMask = 2147483647;
			files = (
				1A4A799F1A8D08C100C3BDCD /* Main.storyboard in Resources */,
				1A4A79A41A8D08C100C3BDCD /* LaunchScreen.xib in Resources */,
				1A4A79A11A8D08C100C3BDCD /* Images.xcassets in Resources */,
			);
			runOnlyForDeploymentPostprocessing = 0;
		};
		1A4A79A71A8D08C100C3BDCD /* Resources */ = {
			isa = PBXResourcesBuildPhase;
			buildActionMask = 2147483647;
			files = (
			);
			runOnlyForDeploymentPostprocessing = 0;
		};
/* End PBXResourcesBuildPhase section */

/* Begin PBXSourcesBuildPhase section */
		1A4A79901A8D08C100C3BDCD /* Sources */ = {
			isa = PBXSourcesBuildPhase;
			buildActionMask = 2147483647;
			files = (
				1A4A799C1A8D08C100C3BDCD /* ViewController.swift in Sources */,
				1A4A799A1A8D08C100C3BDCD /* AppDelegate.swift in Sources */,
			);
			runOnlyForDeploymentPostprocessing = 0;
		};
		1A4A79A51A8D08C100C3BDCD /* Sources */ = {
			isa = PBXSourcesBuildPhase;
			buildActionMask = 2147483647;
			files = (
				1A4A79B01A8D08C100C3BDCD /* GitAppTests.swift in Sources */,
			);
			runOnlyForDeploymentPostprocessing = 0;
		};
/* End PBXSourcesBuildPhase section */

/* Begin PBXTargetDependency section */
		1A4A79AB1A8D08C100C3BDCD /* PBXTargetDependency */ = {
			isa = PBXTargetDependency;
			target = 1A4A79931A8D08C100C3BDCD /* GitApp */;
			targetProxy = 1A4A79AA1A8D08C100C3BDCD /* PBXContainerItemProxy */;
		};
/* End PBXTargetDependency section */

/* Begin PBXVariantGroup section */
		1A4A799D1A8D08C100C3BDCD /* Main.storyboard */ = {
			isa = PBXVariantGroup;
			children = (
				1A4A799E1A8D08C100C3BDCD /* Base */,
			);
			name = Main.storyboard;
			sourceTree = "<group>";
		};
		1A4A79A21A8D08C100C3BDCD /* LaunchScreen.xib */ = {
			isa = PBXVariantGroup;
			children = (
				1A4A79A31A8D08C100C3BDCD /* Base */,
			);
			name = LaunchScreen.xib;
			sourceTree = "<group>";
		};
/* End PBXVariantGroup section */

/* Begin XCBuildConfiguration section */
		1A4A79B11A8D08C100C3BDCD /* Debug */ = {
			isa = XCBuildConfiguration;
			buildSettings = {
				ALWAYS_SEARCH_USER_PATHS = NO;
				CLANG_CXX_LANGUAGE_STANDARD = "gnu++0x";
				CLANG_CXX_LIBRARY = "libc++";
				CLANG_ENABLE_MODULES = YES;
				CLANG_ENABLE_OBJC_ARC = YES;
				CLANG_WARN_BOOL_CONVERSION = YES;
				CLANG_WARN_CONSTANT_CONVERSION = YES;
				CLANG_WARN_DIRECT_OBJC_ISA_USAGE = YES_ERROR;
				CLANG_WARN_EMPTY_BODY = YES;
				CLANG_WARN_ENUM_CONVERSION = YES;
				CLANG_WARN_INT_CONVERSION = YES;
				CLANG_WARN_OBJC_ROOT_CLASS = YES_ERROR;
				CLANG_WARN_UNREACHABLE_CODE = YES;
				CLANG_WARN__DUPLICATE_METHOD_MATCH = YES;
				"CODE_SIGN_IDENTITY[sdk=iphoneos*]" = "iPhone Developer";
				COPY_PHASE_STRIP = NO;
				ENABLE_STRICT_OBJC_MSGSEND = YES;
				GCC_C_LANGUAGE_STANDARD = gnu99;
				GCC_DYNAMIC_NO_PIC = NO;
				GCC_OPTIMIZATION_LEVEL = 0;
				GCC_PREPROCESSOR_DEFINITIONS = (
					"DEBUG=1",
					"$(inherited)",
				);
				GCC_SYMBOLS_PRIVATE_EXTERN = NO;
				GCC_WARN_64_TO_32_BIT_CONVERSION = YES;
				GCC_WARN_ABOUT_RETURN_TYPE = YES_ERROR;
				GCC_WARN_UNDECLARED_SELECTOR = YES;
				GCC_WARN_UNINITIALIZED_AUTOS = YES_AGGRESSIVE;
				GCC_WARN_UNUSED_FUNCTION = YES;
				GCC_WARN_UNUSED_VARIABLE = YES;
				IPHONEOS_DEPLOYMENT_TARGET = 8.1;
				MTL_ENABLE_DEBUG_INFO = YES;
				ONLY_ACTIVE_ARCH = YES;
				SDKROOT = iphoneos;
				SWIFT_OPTIMIZATION_LEVEL = "-Onone";
			};
			name = Debug;
		};
		1A4A79B21A8D08C100C3BDCD /* Release */ = {
			isa = XCBuildConfiguration;
			buildSettings = {
				ALWAYS_SEARCH_USER_PATHS = NO;
				CLANG_CXX_LANGUAGE_STANDARD = "gnu++0x";
				CLANG_CXX_LIBRARY = "libc++";
				CLANG_ENABLE_MODULES = YES;
				CLANG_ENABLE_OBJC_ARC = YES;
				CLANG_WARN_BOOL_CONVERSION = YES;
				CLANG_WARN_CONSTANT_CONVERSION = YES;
				CLANG_WARN_DIRECT_OBJC_ISA_USAGE = YES_ERROR;
				CLANG_WARN_EMPTY_BODY = YES;
				CLANG_WARN_ENUM_CONVERSION = YES;
				CLANG_WARN_INT_CONVERSION = YES;
				CLANG_WARN_OBJC_ROOT_CLASS = YES_ERROR;
				CLANG_WARN_UNREACHABLE_CODE = YES;
				CLANG_WARN__DUPLICATE_METHOD_MATCH = YES;
				"CODE_SIGN_IDENTITY[sdk=iphoneos*]" = "iPhone Developer";
				COPY_PHASE_STRIP = YES;
				ENABLE_NS_ASSERTIONS = NO;
				ENABLE_STRICT_OBJC_MSGSEND = YES;
				GCC_C_LANGUAGE_STANDARD = gnu99;
				GCC_WARN_64_TO_32_BIT_CONVERSION = YES;
				GCC_WARN_ABOUT_RETURN_TYPE = YES_ERROR;
				GCC_WARN_UNDECLARED_SELECTOR = YES;
				GCC_WARN_UNINITIALIZED_AUTOS = YES_AGGRESSIVE;
				GCC_WARN_UNUSED_FUNCTION = YES;
				GCC_WARN_UNUSED_VARIABLE = YES;
				IPHONEOS_DEPLOYMENT_TARGET = 8.1;
				MTL_ENABLE_DEBUG_INFO = NO;
				SDKROOT = iphoneos;
				VALIDATE_PRODUCT = YES;
			};
			name = Release;
		};
		1A4A79B41A8D08C100C3BDCD /* Debug */ = {
			isa = XCBuildConfiguration;
			buildSettings = {
				ASSETCATALOG_COMPILER_APPICON_NAME = AppIcon;
				INFOPLIST_FILE = GitApp/Info.plist;
				LD_RUNPATH_SEARCH_PATHS = "$(inherited) @executable_path/Frameworks";
				PRODUCT_NAME = "$(TARGET_NAME)";
			};
			name = Debug;
		};
		1A4A79B51A8D08C100C3BDCD /* Release */ = {
			isa = XCBuildConfiguration;
			buildSettings = {
				ASSETCATALOG_COMPILER_APPICON_NAME = AppIcon;
				INFOPLIST_FILE = GitApp/Info.plist;
				LD_RUNPATH_SEARCH_PATHS = "$(inherited) @executable_path/Frameworks";
				PRODUCT_NAME = "$(TARGET_NAME)";
			};
			name = Release;
		};
		1A4A79B71A8D08C100C3BDCD /* Debug */ = {
			isa = XCBuildConfiguration;
			buildSettings = {
				BUNDLE_LOADER = "$(TEST_HOST)";
				FRAMEWORK_SEARCH_PATHS = (
					"$(SDKROOT)/Developer/Library/Frameworks",
					"$(inherited)",
				);
				GCC_PREPROCESSOR_DEFINITIONS = (
					"DEBUG=1",
					"$(inherited)",
				);
				INFOPLIST_FILE = GitAppTests/Info.plist;
				LD_RUNPATH_SEARCH_PATHS = "$(inherited) @executable_path/Frameworks @loader_path/Frameworks";
				PRODUCT_NAME = "$(TARGET_NAME)";
				TEST_HOST = "$(BUILT_PRODUCTS_DIR)/GitApp.app/GitApp";
			};
			name = Debug;
		};
		1A4A79B81A8D08C100C3BDCD /* Release */ = {
			isa = XCBuildConfiguration;
			buildSettings = {
				BUNDLE_LOADER = "$(TEST_HOST)";
				FRAMEWORK_SEARCH_PATHS = (
					"$(SDKROOT)/Developer/Library/Frameworks",
					"$(inherited)",
				);
				INFOPLIST_FILE = GitAppTests/Info.plist;
				LD_RUNPATH_SEARCH_PATHS = "$(inherited) @executable_path/Frameworks @loader_path/Frameworks";
				PRODUCT_NAME = "$(TARGET_NAME)";
				TEST_HOST = "$(BUILT_PRODUCTS_DIR)/GitApp.app/GitApp";
			};
			name = Release;
		};
/* End XCBuildConfiguration section */

/* Begin XCConfigurationList section */
		1A4A798F1A8D08C100C3BDCD /* Build configuration list for PBXProject "GitApp" */ = {
			isa = XCConfigurationList;
			buildConfigurations = (
				1A4A79B11A8D08C100C3BDCD /* Debug */,
				1A4A79B21A8D08C100C3BDCD /* Release */,
			);
			defaultConfigurationIsVisible = 0;
			defaultConfigurationName = Release;
		};
		1A4A79B31A8D08C100C3BDCD /* Build configuration list for PBXNativeTarget "GitApp" */ = {
			isa = XCConfigurationList;
			buildConfigurations = (
				1A4A79B41A8D08C100C3BDCD /* Debug */,
				1A4A79B51A8D08C100C3BDCD /* Release */,
			);
			defaultConfigurationIsVisible = 0;
		};
		1A4A79B61A8D08C100C3BDCD /* Build configuration list for PBXNativeTarget "GitAppTests" */ = {
			isa = XCConfigurationList;
			buildConfigurations = (
				1A4A79B71A8D08C100C3BDCD /* Debug */,
				1A4A79B81A8D08C100C3BDCD /* Release */,
			);
			defaultConfigurationIsVisible = 0;
		};
/* End XCConfigurationList section */
	};
	rootObject = 1A4A798C1A8D08C100C3BDCD /* Project object */;
}
